// !$*UTF8*$!
{
	archiveVersion = 1;
	classes = {
	};
	objectVersion = 46;
	objects = {

/* Begin PBXBuildFile section */
		1179D6681EA6FFFA00CBE545 /* main.m in Sources */ = {isa = PBXBuildFile; fileRef = 1179D6671EA6FFFA00CBE545 /* main.m */; };
		1179D66B1EA6FFFA00CBE545 /* AppDelegate.m in Sources */ = {isa = PBXBuildFile; fileRef = 1179D66A1EA6FFFA00CBE545 /* AppDelegate.m */; };
		1179D66E1EA6FFFA00CBE545 /* ViewController.m in Sources */ = {isa = PBXBuildFile; fileRef = 1179D66D1EA6FFFA00CBE545 /* ViewController.m */; };
		1179D6731EA6FFFB00CBE545 /* Assets.xcassets in Resources */ = {isa = PBXBuildFile; fileRef = 1179D6721EA6FFFB00CBE545 /* Assets.xcassets */; };
		1179D6761EA6FFFB00CBE545 /* LaunchScreen.storyboard in Resources */ = {isa = PBXBuildFile; fileRef = 1179D6741EA6FFFB00CBE545 /* LaunchScreen.storyboard */; };
		1179D6811EA6FFFB00CBE545 /* Demo_js_oc___Tests.m in Sources */ = {isa = PBXBuildFile; fileRef = 1179D6801EA6FFFB00CBE545 /* Demo_js_oc___Tests.m */; };
		1179D68C1EA6FFFB00CBE545 /* Demo_js_oc___UITests.m in Sources */ = {isa = PBXBuildFile; fileRef = 1179D68B1EA6FFFB00CBE545 /* Demo_js_oc___UITests.m */; };
		1179D69B1EA7008700CBE545 /* SecondViewController.m in Sources */ = {isa = PBXBuildFile; fileRef = 1179D69A1EA7008700CBE545 /* SecondViewController.m */; };
		1179D69D1EA70E1800CBE545 /* jsToOc.html in Resources */ = {isa = PBXBuildFile; fileRef = 1179D69C1EA70E1800CBE545 /* jsToOc.html */; };
/* End PBXBuildFile section */

/* Begin PBXContainerItemProxy section */
		1179D67D1EA6FFFB00CBE545 /* PBXContainerItemProxy */ = {
			isa = PBXContainerItemProxy;
			containerPortal = 1179D65B1EA6FFFA00CBE545 /* Project object */;
			proxyType = 1;
			remoteGlobalIDString = 1179D6621EA6FFFA00CBE545;
			remoteInfo = "Demo-js和oc的交互";
		};
		1179D6881EA6FFFB00CBE545 /* PBXContainerItemProxy */ = {
			isa = PBXContainerItemProxy;
			containerPortal = 1179D65B1EA6FFFA00CBE545 /* Project object */;
			proxyType = 1;
			remoteGlobalIDString = 1179D6621EA6FFFA00CBE545;
			remoteInfo = "Demo-js和oc的交互";
		};
/* End PBXContainerItemProxy section */

/* Begin PBXFileReference section */
		1179D6631EA6FFFA00CBE545 /* Demo-js和oc的交互.app */ = {isa = PBXFileReference; explicitFileType = wrapper.application; includeInIndex = 0; path = "Demo-js和oc的交互.app"; sourceTree = BUILT_PRODUCTS_DIR; };
		1179D6671EA6FFFA00CBE545 /* main.m */ = {isa = PBXFileReference; lastKnownFileType = sourcecode.c.objc; path = main.m; sourceTree = "<group>"; };
		1179D6691EA6FFFA00CBE545 /* AppDelegate.h */ = {isa = PBXFileReference; lastKnownFileType = sourcecode.c.h; path = AppDelegate.h; sourceTree = "<group>"; };
		1179D66A1EA6FFFA00CBE545 /* AppDelegate.m */ = {isa = PBXFileReference; lastKnownFileType = sourcecode.c.objc; path = AppDelegate.m; sourceTree = "<group>"; };
		1179D66C1EA6FFFA00CBE545 /* ViewController.h */ = {isa = PBXFileReference; lastKnownFileType = sourcecode.c.h; path = ViewController.h; sourceTree = "<group>"; };
		1179D66D1EA6FFFA00CBE545 /* ViewController.m */ = {isa = PBXFileReference; lastKnownFileType = sourcecode.c.objc; path = ViewController.m; sourceTree = "<group>"; };
		1179D6721EA6FFFB00CBE545 /* Assets.xcassets */ = {isa = PBXFileReference; lastKnownFileType = folder.assetcatalog; path = Assets.xcassets; sourceTree = "<group>"; };
		1179D6751EA6FFFB00CBE545 /* Base */ = {isa = PBXFileReference; lastKnownFileType = file.storyboard; name = Base; path = Base.lproj/LaunchScreen.storyboard; sourceTree = "<group>"; };
		1179D6771EA6FFFB00CBE545 /* Info.plist */ = {isa = PBXFileReference; lastKnownFileType = text.plist.xml; path = Info.plist; sourceTree = "<group>"; };
		1179D67C1EA6FFFB00CBE545 /* Demo-js和oc的交互Tests.xctest */ = {isa = PBXFileReference; explicitFileType = wrapper.cfbundle; includeInIndex = 0; path = "Demo-js和oc的交互Tests.xctest"; sourceTree = BUILT_PRODUCTS_DIR; };
		1179D6801EA6FFFB00CBE545 /* Demo_js_oc___Tests.m */ = {isa = PBXFileReference; lastKnownFileType = sourcecode.c.objc; path = "Demo_js_oc___Tests.m"; sourceTree = "<group>"; };
		1179D6821EA6FFFB00CBE545 /* Info.plist */ = {isa = PBXFileReference; lastKnownFileType = text.plist.xml; path = Info.plist; sourceTree = "<group>"; };
		1179D6871EA6FFFB00CBE545 /* Demo-js和oc的交互UITests.xctest */ = {isa = PBXFileReference; explicitFileType = wrapper.cfbundle; includeInIndex = 0; path = "Demo-js和oc的交互UITests.xctest"; sourceTree = BUILT_PRODUCTS_DIR; };
		1179D68B1EA6FFFB00CBE545 /* Demo_js_oc___UITests.m */ = {isa = PBXFileReference; lastKnownFileType = sourcecode.c.objc; path = "Demo_js_oc___UITests.m"; sourceTree = "<group>"; };
		1179D68D1EA6FFFC00CBE545 /* Info.plist */ = {isa = PBXFileReference; lastKnownFileType = text.plist.xml; path = Info.plist; sourceTree = "<group>"; };
		1179D6991EA7008700CBE545 /* SecondViewController.h */ = {isa = PBXFileReference; fileEncoding = 4; lastKnownFileType = sourcecode.c.h; path = SecondViewController.h; sourceTree = "<group>"; };
		1179D69A1EA7008700CBE545 /* SecondViewController.m */ = {isa = PBXFileReference; fileEncoding = 4; lastKnownFileType = sourcecode.c.objc; path = SecondViewController.m; sourceTree = "<group>"; };
		1179D69C1EA70E1800CBE545 /* jsToOc.html */ = {isa = PBXFileReference; fileEncoding = 4; lastKnownFileType = text.html; path = jsToOc.html; sourceTree = "<group>"; };
/* End PBXFileReference section */

/* Begin PBXFrameworksBuildPhase section */
		1179D6601EA6FFFA00CBE545 /* Frameworks */ = {
			isa = PBXFrameworksBuildPhase;
			buildActionMask = 2147483647;
			files = (
			);
			runOnlyForDeploymentPostprocessing = 0;
		};
		1179D6791EA6FFFB00CBE545 /* Frameworks */ = {
			isa = PBXFrameworksBuildPhase;
			buildActionMask = 2147483647;
			files = (
			);
			runOnlyForDeploymentPostprocessing = 0;
		};
		1179D6841EA6FFFB00CBE545 /* Frameworks */ = {
			isa = PBXFrameworksBuildPhase;
			buildActionMask = 2147483647;
			files = (
			);
			runOnlyForDeploymentPostprocessing = 0;
		};
/* End PBXFrameworksBuildPhase section */

/* Begin PBXGroup section */
		1179D65A1EA6FFFA00CBE545 = {
			isa = PBXGroup;
			children = (
				1179D6651EA6FFFA00CBE545 /* Demo-js和oc的交互 */,
				1179D67F1EA6FFFB00CBE545 /* Demo-js和oc的交互Tests */,
				1179D68A1EA6FFFB00CBE545 /* Demo-js和oc的交互UITests */,
				1179D6641EA6FFFA00CBE545 /* Products */,
			);
			sourceTree = "<group>";
		};
		1179D6641EA6FFFA00CBE545 /* Products */ = {
			isa = PBXGroup;
			children = (
				1179D6631EA6FFFA00CBE545 /* Demo-js和oc的交互.app */,
				1179D67C1EA6FFFB00CBE545 /* Demo-js和oc的交互Tests.xctest */,
				1179D6871EA6FFFB00CBE545 /* Demo-js和oc的交互UITests.xctest */,
			);
			name = Products;
			sourceTree = "<group>";
		};
		1179D6651EA6FFFA00CBE545 /* Demo-js和oc的交互 */ = {
			isa = PBXGroup;
			children = (
				1179D69C1EA70E1800CBE545 /* jsToOc.html */,
				1179D6691EA6FFFA00CBE545 /* AppDelegate.h */,
				1179D66A1EA6FFFA00CBE545 /* AppDelegate.m */,
				1179D66C1EA6FFFA00CBE545 /* ViewController.h */,
				1179D66D1EA6FFFA00CBE545 /* ViewController.m */,
				1179D6991EA7008700CBE545 /* SecondViewController.h */,
				1179D69A1EA7008700CBE545 /* SecondViewController.m */,
				1179D6721EA6FFFB00CBE545 /* Assets.xcassets */,
				1179D6741EA6FFFB00CBE545 /* LaunchScreen.storyboard */,
				1179D6771EA6FFFB00CBE545 /* Info.plist */,
				1179D6661EA6FFFA00CBE545 /* Supporting Files */,
			);
			path = "Demo-js和oc的交互";
			sourceTree = "<group>";
		};
		1179D6661EA6FFFA00CBE545 /* Supporting Files */ = {
			isa = PBXGroup;
			children = (
				1179D6671EA6FFFA00CBE545 /* main.m */,
			);
			name = "Supporting Files";
			sourceTree = "<group>";
		};
		1179D67F1EA6FFFB00CBE545 /* Demo-js和oc的交互Tests */ = {
			isa = PBXGroup;
			children = (
				1179D6801EA6FFFB00CBE545 /* Demo_js_oc___Tests.m */,
				1179D6821EA6FFFB00CBE545 /* Info.plist */,
			);
			path = "Demo-js和oc的交互Tests";
			sourceTree = "<group>";
		};
		1179D68A1EA6FFFB00CBE545 /* Demo-js和oc的交互UITests */ = {
			isa = PBXGroup;
			children = (
				1179D68B1EA6FFFB00CBE545 /* Demo_js_oc___UITests.m */,
				1179D68D1EA6FFFC00CBE545 /* Info.plist */,
			);
			path = "Demo-js和oc的交互UITests";
			sourceTree = "<group>";
		};
/* End PBXGroup section */

/* Begin PBXNativeTarget section */
		1179D6621EA6FFFA00CBE545 /* Demo-js和oc的交互 */ = {
			isa = PBXNativeTarget;
			buildConfigurationList = 1179D6901EA6FFFC00CBE545 /* Build configuration list for PBXNativeTarget "Demo-js和oc的交互" */;
			buildPhases = (
				1179D65F1EA6FFFA00CBE545 /* Sources */,
				1179D6601EA6FFFA00CBE545 /* Frameworks */,
				1179D6611EA6FFFA00CBE545 /* Resources */,
			);
			buildRules = (
			);
			dependencies = (
			);
			name = "Demo-js和oc的交互";
			productName = "Demo-js和oc的交互";
			productReference = 1179D6631EA6FFFA00CBE545 /* Demo-js和oc的交互.app */;
			productType = "com.apple.product-type.application";
		};
		1179D67B1EA6FFFB00CBE545 /* Demo-js和oc的交互Tests */ = {
			isa = PBXNativeTarget;
			buildConfigurationList = 1179D6931EA6FFFC00CBE545 /* Build configuration list for PBXNativeTarget "Demo-js和oc的交互Tests" */;
			buildPhases = (
				1179D6781EA6FFFB00CBE545 /* Sources */,
				1179D6791EA6FFFB00CBE545 /* Frameworks */,
				1179D67A1EA6FFFB00CBE545 /* Resources */,
			);
			buildRules = (
			);
			dependencies = (
				1179D67E1EA6FFFB00CBE545 /* PBXTargetDependency */,
			);
			name = "Demo-js和oc的交互Tests";
			productName = "Demo-js和oc的交互Tests";
			productReference = 1179D67C1EA6FFFB00CBE545 /* Demo-js和oc的交互Tests.xctest */;
			productType = "com.apple.product-type.bundle.unit-test";
		};
		1179D6861EA6FFFB00CBE545 /* Demo-js和oc的交互UITests */ = {
			isa = PBXNativeTarget;
			buildConfigurationList = 1179D6961EA6FFFC00CBE545 /* Build configuration list for PBXNativeTarget "Demo-js和oc的交互UITests" */;
			buildPhases = (
				1179D6831EA6FFFB00CBE545 /* Sources */,
				1179D6841EA6FFFB00CBE545 /* Frameworks */,
				1179D6851EA6FFFB00CBE545 /* Resources */,
			);
			buildRules = (
			);
			dependencies = (
				1179D6891EA6FFFB00CBE545 /* PBXTargetDependency */,
			);
			name = "Demo-js和oc的交互UITests";
			productName = "Demo-js和oc的交互UITests";
			productReference = 1179D6871EA6FFFB00CBE545 /* Demo-js和oc的交互UITests.xctest */;
			productType = "com.apple.product-type.bundle.ui-testing";
		};
/* End PBXNativeTarget section */

/* Begin PBXProject section */
		1179D65B1EA6FFFA00CBE545 /* Project object */ = {
			isa = PBXProject;
			attributes = {
				LastUpgradeCheck = 0830;
				ORGANIZATIONNAME = "代克孟";
				TargetAttributes = {
					1179D6621EA6FFFA00CBE545 = {
						CreatedOnToolsVersion = 8.3.1;
						ProvisioningStyle = Automatic;
					};
					1179D67B1EA6FFFB00CBE545 = {
						CreatedOnToolsVersion = 8.3.1;
						ProvisioningStyle = Automatic;
						TestTargetID = 1179D6621EA6FFFA00CBE545;
					};
					1179D6861EA6FFFB00CBE545 = {
						CreatedOnToolsVersion = 8.3.1;
						ProvisioningStyle = Automatic;
						TestTargetID = 1179D6621EA6FFFA00CBE545;
					};
				};
			};
			buildConfigurationList = 1179D65E1EA6FFFA00CBE545 /* Build configuration list for PBXProject "Demo-js和oc的交互" */;
			compatibilityVersion = "Xcode 3.2";
			developmentRegion = English;
			hasScannedForEncodings = 0;
			knownRegions = (
				en,
				Base,
			);
			mainGroup = 1179D65A1EA6FFFA00CBE545;
			productRefGroup = 1179D6641EA6FFFA00CBE545 /* Products */;
			projectDirPath = "";
			projectRoot = "";
			targets = (
				1179D6621EA6FFFA00CBE545 /* Demo-js和oc的交互 */,
				1179D67B1EA6FFFB00CBE545 /* Demo-js和oc的交互Tests */,
				1179D6861EA6FFFB00CBE545 /* Demo-js和oc的交互UITests */,
			);
		};
/* End PBXProject section */

/* Begin PBXResourcesBuildPhase section */
		1179D6611EA6FFFA00CBE545 /* Resources */ = {
			isa = PBXResourcesBuildPhase;
			buildActionMask = 2147483647;
			files = (
				1179D6761EA6FFFB00CBE545 /* LaunchScreen.storyboard in Resources */,
				1179D6731EA6FFFB00CBE545 /* Assets.xcassets in Resources */,
				1179D69D1EA70E1800CBE545 /* jsToOc.html in Resources */,
			);
			runOnlyForDeploymentPostprocessing = 0;
		};
		1179D67A1EA6FFFB00CBE545 /* Resources */ = {
			isa = PBXResourcesBuildPhase;
			buildActionMask = 2147483647;
			files = (
			);
			runOnlyForDeploymentPostprocessing = 0;
		};
		1179D6851EA6FFFB00CBE545 /* Resources */ = {
			isa = PBXResourcesBuildPhase;
			buildActionMask = 2147483647;
			files = (
			);
			runOnlyForDeploymentPostprocessing = 0;
		};
/* End PBXResourcesBuildPhase section */

/* Begin PBXSourcesBuildPhase section */
		1179D65F1EA6FFFA00CBE545 /* Sources */ = {
			isa = PBXSourcesBuildPhase;
			buildActionMask = 2147483647;
			files = (
				1179D69B1EA7008700CBE545 /* SecondViewController.m in Sources */,
				1179D66E1EA6FFFA00CBE545 /* ViewController.m in Sources */,
				1179D66B1EA6FFFA00CBE545 /* AppDelegate.m in Sources */,
				1179D6681EA6FFFA00CBE545 /* main.m in Sources */,
			);
			runOnlyForDeploymentPostprocessing = 0;
		};
		1179D6781EA6FFFB00CBE545 /* Sources */ = {
			isa = PBXSourcesBuildPhase;
			buildActionMask = 2147483647;
			files = (
				1179D6811EA6FFFB00CBE545 /* Demo_js_oc___Tests.m in Sources */,
			);
			runOnlyForDeploymentPostprocessing = 0;
		};
		1179D6831EA6FFFB00CBE545 /* Sources */ = {
			isa = PBXSourcesBuildPhase;
			buildActionMask = 2147483647;
			files = (
				1179D68C1EA6FFFB00CBE545 /* Demo_js_oc___UITests.m in Sources */,
			);
			runOnlyForDeploymentPostprocessing = 0;
		};
/* End PBXSourcesBuildPhase section */

/* Begin PBXTargetDependency section */
		1179D67E1EA6FFFB00CBE545 /* PBXTargetDependency */ = {
			isa = PBXTargetDependency;
			target = 1179D6621EA6FFFA00CBE545 /* Demo-js和oc的交互 */;
			targetProxy = 1179D67D1EA6FFFB00CBE545 /* PBXContainerItemProxy */;
		};
		1179D6891EA6FFFB00CBE545 /* PBXTargetDependency */ = {
			isa = PBXTargetDependency;
			target = 1179D6621EA6FFFA00CBE545 /* Demo-js和oc的交互 */;
			targetProxy = 1179D6881EA6FFFB00CBE545 /* PBXContainerItemProxy */;
		};
/* End PBXTargetDependency section */

/* Begin PBXVariantGroup section */
		1179D6741EA6FFFB00CBE545 /* LaunchScreen.storyboard */ = {
			isa = PBXVariantGroup;
			children = (
				1179D6751EA6FFFB00CBE545 /* Base */,
			);
			name = LaunchScreen.storyboard;
			sourceTree = "<group>";
		};
/* End PBXVariantGroup section */

/* Begin XCBuildConfiguration section */
		1179D68E1EA6FFFC00CBE545 /* Debug */ = {
			isa = XCBuildConfiguration;
			buildSettings = {
				ALWAYS_SEARCH_USER_PATHS = NO;
				CLANG_ANALYZER_NONNULL = YES;
				CLANG_ANALYZER_NUMBER_OBJECT_CONVERSION = YES_AGGRESSIVE;
				CLANG_CXX_LANGUAGE_STANDARD = "gnu++0x";
				CLANG_CXX_LIBRARY = "libc++";
				CLANG_ENABLE_MODULES = YES;
				CLANG_ENABLE_OBJC_ARC = YES;
				CLANG_WARN_BOOL_CONVERSION = YES;
				CLANG_WARN_CONSTANT_CONVERSION = YES;
				CLANG_WARN_DIRECT_OBJC_ISA_USAGE = YES_ERROR;
				CLANG_WARN_DOCUMENTATION_COMMENTS = YES;
				CLANG_WARN_EMPTY_BODY = YES;
				CLANG_WARN_ENUM_CONVERSION = YES;
				CLANG_WARN_INFINITE_RECURSION = YES;
				CLANG_WARN_INT_CONVERSION = YES;
				CLANG_WARN_OBJC_ROOT_CLASS = YES_ERROR;
				CLANG_WARN_SUSPICIOUS_MOVE = YES;
				CLANG_WARN_UNREACHABLE_CODE = YES;
				CLANG_WARN__DUPLICATE_METHOD_MATCH = YES;
				"CODE_SIGN_IDENTITY[sdk=iphoneos*]" = "iPhone Developer";
				COPY_PHASE_STRIP = NO;
				DEBUG_INFORMATION_FORMAT = dwarf;
				ENABLE_STRICT_OBJC_MSGSEND = YES;
				ENABLE_TESTABILITY = YES;
				GCC_C_LANGUAGE_STANDARD = gnu99;
				GCC_DYNAMIC_NO_PIC = NO;
				GCC_NO_COMMON_BLOCKS = YES;
				GCC_OPTIMIZATION_LEVEL = 0;
				GCC_PREPROCESSOR_DEFINITIONS = (
					"DEBUG=1",
					"$(inherited)",
				);
				GCC_WARN_64_TO_32_BIT_CONVERSION = YES;
				GCC_WARN_ABOUT_RETURN_TYPE = YES_ERROR;
				GCC_WARN_UNDECLARED_SELECTOR = YES;
				GCC_WARN_UNINITIALIZED_AUTOS = YES_AGGRESSIVE;
				GCC_WARN_UNUSED_FUNCTION = YES;
				GCC_WARN_UNUSED_VARIABLE = YES;
				IPHONEOS_DEPLOYMENT_TARGET = 10.3;
				MTL_ENABLE_DEBUG_INFO = YES;
				ONLY_ACTIVE_ARCH = YES;
				SDKROOT = iphoneos;
				TARGETED_DEVICE_FAMILY = "1,2";
			};
			name = Debug;
		};
		1179D68F1EA6FFFC00CBE545 /* Release */ = {
			isa = XCBuildConfiguration;
			buildSettings = {
				ALWAYS_SEARCH_USER_PATHS = NO;
				CLANG_ANALYZER_NONNULL = YES;
				CLANG_ANALYZER_NUMBER_OBJECT_CONVERSION = YES_AGGRESSIVE;
				CLANG_CXX_LANGUAGE_STANDARD = "gnu++0x";
				CLANG_CXX_LIBRARY = "libc++";
				CLANG_ENABLE_MODULES = YES;
				CLANG_ENABLE_OBJC_ARC = YES;
				CLANG_WARN_BOOL_CONVERSION = YES;
				CLANG_WARN_CONSTANT_CONVERSION = YES;
				CLANG_WARN_DIRECT_OBJC_ISA_USAGE = YES_ERROR;
				CLANG_WARN_DOCUMENTATION_COMMENTS = YES;
				CLANG_WARN_EMPTY_BODY = YES;
				CLANG_WARN_ENUM_CONVERSION = YES;
				CLANG_WARN_INFINITE_RECURSION = YES;
				CLANG_WARN_INT_CONVERSION = YES;
				CLANG_WARN_OBJC_ROOT_CLASS = YES_ERROR;
				CLANG_WARN_SUSPICIOUS_MOVE = YES;
				CLANG_WARN_UNREACHABLE_CODE = YES;
				CLANG_WARN__DUPLICATE_METHOD_MATCH = YES;
				"CODE_SIGN_IDENTITY[sdk=iphoneos*]" = "iPhone Developer";
				COPY_PHASE_STRIP = NO;
				DEBUG_INFORMATION_FORMAT = "dwarf-with-dsym";
				ENABLE_NS_ASSERTIONS = NO;
				ENABLE_STRICT_OBJC_MSGSEND = YES;
				GCC_C_LANGUAGE_STANDARD = gnu99;
				GCC_NO_COMMON_BLOCKS = YES;
				GCC_WARN_64_TO_32_BIT_CONVERSION = YES;
				GCC_WARN_ABOUT_RETURN_TYPE = YES_ERROR;
				GCC_WARN_UNDECLARED_SELECTOR = YES;
				GCC_WARN_UNINITIALIZED_AUTOS = YES_AGGRESSIVE;
				GCC_WARN_UNUSED_FUNCTION = YES;
				GCC_WARN_UNUSED_VARIABLE = YES;
				IPHONEOS_DEPLOYMENT_TARGET = 10.3;
				MTL_ENABLE_DEBUG_INFO = NO;
				SDKROOT = iphoneos;
				TARGETED_DEVICE_FAMILY = "1,2";
				VALIDATE_PRODUCT = YES;
			};
			name = Release;
		};
		1179D6911EA6FFFC00CBE545 /* Debug */ = {
			isa = XCBuildConfiguration;
			buildSettings = {
				ASSETCATALOG_COMPILER_APPICON_NAME = AppIcon;
				INFOPLIST_FILE = "Demo-js和oc的交互/Info.plist";
				LD_RUNPATH_SEARCH_PATHS = "$(inherited) @executable_path/Frameworks";
				PRODUCT_BUNDLE_IDENTIFIER = "SuperMeng.Demo-js-oc---";
				PRODUCT_NAME = "$(TARGET_NAME)";
			};
			name = Debug;
		};
		1179D6921EA6FFFC00CBE545 /* Release */ = {
			isa = XCBuildConfiguration;
			buildSettings = {
				ASSETCATALOG_COMPILER_APPICON_NAME = AppIcon;
				INFOPLIST_FILE = "Demo-js和oc的交互/Info.plist";
				LD_RUNPATH_SEARCH_PATHS = "$(inherited) @executable_path/Frameworks";
				PRODUCT_BUNDLE_IDENTIFIER = "SuperMeng.Demo-js-oc---";
				PRODUCT_NAME = "$(TARGET_NAME)";
			};
			name = Release;
		};
		1179D6941EA6FFFC00CBE545 /* Debug */ = {
			isa = XCBuildConfiguration;
			buildSettings = {
				BUNDLE_LOADER = "$(TEST_HOST)";
				INFOPLIST_FILE = "Demo-js和oc的交互Tests/Info.plist";
				LD_RUNPATH_SEARCH_PATHS = "$(inherited) @executable_path/Frameworks @loader_path/Frameworks";
				PRODUCT_BUNDLE_IDENTIFIER = "SuperMeng.Demo-js-oc---Tests";
				PRODUCT_NAME = "$(TARGET_NAME)";
				TEST_HOST = "$(BUILT_PRODUCTS_DIR)/Demo-js和oc的交互.app/Demo-js和oc的交互";
			};
			name = Debug;
		};
		1179D6951EA6FFFC00CBE545 /* Release */ = {
			isa = XCBuildConfiguration;
			buildSettings = {
				BUNDLE_LOADER = "$(TEST_HOST)";
				INFOPLIST_FILE = "Demo-js和oc的交互Tests/Info.plist";
				LD_RUNPATH_SEARCH_PATHS = "$(inherited) @executable_path/Frameworks @loader_path/Frameworks";
				PRODUCT_BUNDLE_IDENTIFIER = "SuperMeng.Demo-js-oc---Tests";
				PRODUCT_NAME = "$(TARGET_NAME)";
				TEST_HOST = "$(BUILT_PRODUCTS_DIR)/Demo-js和oc的交互.app/Demo-js和oc的交互";
			};
			name = Release;
		};
		1179D6971EA6FFFC00CBE545 /* Debug */ = {
			isa = XCBuildConfiguration;
			buildSettings = {
				INFOPLIST_FILE = "Demo-js和oc的交互UITests/Info.plist";
				LD_RUNPATH_SEARCH_PATHS = "$(inherited) @executable_path/Frameworks @loader_path/Frameworks";
				PRODUCT_BUNDLE_IDENTIFIER = "SuperMeng.Demo-js-oc---UITests";
				PRODUCT_NAME = "$(TARGET_NAME)";
				TEST_TARGET_NAME = "Demo-js和oc的交互";
			};
			name = Debug;
		};
		1179D6981EA6FFFC00CBE545 /* Release */ = {
			isa = XCBuildConfiguration;
			buildSettings = {
				INFOPLIST_FILE = "Demo-js和oc的交互UITests/Info.plist";
				LD_RUNPATH_SEARCH_PATHS = "$(inherited) @executable_path/Frameworks @loader_path/Frameworks";
				PRODUCT_BUNDLE_IDENTIFIER = "SuperMeng.Demo-js-oc---UITests";
				PRODUCT_NAME = "$(TARGET_NAME)";
				TEST_TARGET_NAME = "Demo-js和oc的交互";
			};
			name = Release;
		};
/* End XCBuildConfiguration section */

/* Begin XCConfigurationList section */
		1179D65E1EA6FFFA00CBE545 /* Build configuration list for PBXProject "Demo-js和oc的交互" */ = {
			isa = XCConfigurationList;
			buildConfigurations = (
				1179D68E1EA6FFFC00CBE545 /* Debug */,
				1179D68F1EA6FFFC00CBE545 /* Release */,
			);
			defaultConfigurationIsVisible = 0;
			defaultConfigurationName = Release;
		};
		1179D6901EA6FFFC00CBE545 /* Build configuration list for PBXNativeTarget "Demo-js和oc的交互" */ = {
			isa = XCConfigurationList;
			buildConfigurations = (
				1179D6911EA6FFFC00CBE545 /* Debug */,
				1179D6921EA6FFFC00CBE545 /* Release */,
			);
			defaultConfigurationIsVisible = 0;
		};
		1179D6931EA6FFFC00CBE545 /* Build configuration list for PBXNativeTarget "Demo-js和oc的交互Tests" */ = {
			isa = XCConfigurationList;
			buildConfigurations = (
				1179D6941EA6FFFC00CBE545 /* Debug */,
				1179D6951EA6FFFC00CBE545 /* Release */,
			);
			defaultConfigurationIsVisible = 0;
		};
		1179D6961EA6FFFC00CBE545 /* Build configuration list for PBXNativeTarget "Demo-js和oc的交互UITests" */ = {
			isa = XCConfigurationList;
			buildConfigurations = (
				1179D6971EA6FFFC00CBE545 /* Debug */,
				1179D6981EA6FFFC00CBE545 /* Release */,
			);
			defaultConfigurationIsVisible = 0;
		};
/* End XCConfigurationList section */
	};
	rootObject = 1179D65B1EA6FFFA00CBE545 /* Project object */;
}
